# This file is automatically @generated by Cargo.
# It is not intended for manual editing.
version = 4

[[package]]
name = "dcsb"
version = "0.1.0"

[[package]]
name = "dcsbridge-broker"
version = "0.1.0"

[[package]]
name = "lua-dcsbridge"
version = "0.1.0"
dependencies = [
 "dcsbridge-broker",
]

[[package]]
name = "protoc-gen-dcsbridge-lua"
version = "0.1.0"
